
Microsoft Visual Studio Solution File, Format Version 12.00
# Visual Studio 2013
Project("{FAE04EC0-301F-11D3-BF4B-00C04F79EFBC}") = "UnityVS.RougeLikePacMan.CSharp", "UnityVS.RougeLikePacMan.CSharp.csproj", "{FFB3E6D3-B9D0-5458-7D8D-1C8719A4F600}"
EndProject
Global
	GlobalSection(SolutionConfigurationPlatforms) = preSolution
		Debug|Any CPU = Debug|Any CPU
		Release|Any CPU = Release|Any CPU
	EndGlobalSection
	GlobalSection(ProjectConfigurationPlatforms) = postSolution
		{FFB3E6D3-B9D0-5458-7D8D-1C8719A4F600}.Debug|Any CPU.ActiveCfg = Debug|Any CPU
		{FFB3E6D3-B9D0-5458-7D8D-1C8719A4F600}.Debug|Any CPU.Build.0 = Debug|Any CPU
		{FFB3E6D3-B9D0-5458-7D8D-1C8719A4F600}.Release|Any CPU.ActiveCfg = Release|Any CPU
		{FFB3E6D3-B9D0-5458-7D8D-1C8719A4F600}.Release|Any CPU.Build.0 = Release|Any CPU
	EndGlobalSection
	GlobalSection(SolutionProperties) = preSolution
		HideSolutionNode = FALSE
	EndGlobalSection
EndGlobal
